// !$*UTF8*$!
{
	archiveVersion = 1;
	classes = {
	};
	objectVersion = 56;
	objects = {

/* Begin PBXBuildFile section */
		AB10D00F29CD850C006AB395 /* OnboardingView.swift in Sources */ = {isa = PBXBuildFile; fileRef = AB10D00E29CD850C006AB395 /* OnboardingView.swift */; };
		AB10D01229CD9674006AB395 /* FruitModel.swift in Sources */ = {isa = PBXBuildFile; fileRef = AB10D01129CD9674006AB395 /* FruitModel.swift */; };
		AB10D01529CD985B006AB395 /* FruitData.swift in Sources */ = {isa = PBXBuildFile; fileRef = AB10D01429CD985B006AB395 /* FruitData.swift */; };
		AB2642D929CC355C00D70D0F /* FructusApp.swift in Sources */ = {isa = PBXBuildFile; fileRef = AB2642D829CC355C00D70D0F /* FructusApp.swift */; };
		AB2642DD29CC355D00D70D0F /* Assets.xcassets in Resources */ = {isa = PBXBuildFile; fileRef = AB2642DC29CC355D00D70D0F /* Assets.xcassets */; };
		AB2642E029CC355D00D70D0F /* Preview Assets.xcassets in Resources */ = {isa = PBXBuildFile; fileRef = AB2642DF29CC355D00D70D0F /* Preview Assets.xcassets */; };
		AB2642E929CC507200D70D0F /* FruitCardView.swift in Sources */ = {isa = PBXBuildFile; fileRef = AB2642E829CC507200D70D0F /* FruitCardView.swift */; };
		AB2642EB29CC5AEC00D70D0F /* StartButtonView.swift in Sources */ = {isa = PBXBuildFile; fileRef = AB2642EA29CC5AEC00D70D0F /* StartButtonView.swift */; };
		AB7FCC6729D2B87700D9894D /* FruitNutrientsView.swift in Sources */ = {isa = PBXBuildFile; fileRef = AB7FCC6629D2B87700D9894D /* FruitNutrientsView.swift */; };
		AB7FCC6929D2C5FA00D9894D /* SettingsView.swift in Sources */ = {isa = PBXBuildFile; fileRef = AB7FCC6829D2C5FA00D9894D /* SettingsView.swift */; };
		AB7FCC6B29D2E1BB00D9894D /* SettingsLabelView.swift in Sources */ = {isa = PBXBuildFile; fileRef = AB7FCC6A29D2E1BB00D9894D /* SettingsLabelView.swift */; };
		AB7FCC6D29D2E67C00D9894D /* SettingsApplicationRowView.swift in Sources */ = {isa = PBXBuildFile; fileRef = AB7FCC6C29D2E67C00D9894D /* SettingsApplicationRowView.swift */; };
		AB7FCC6F29D2EDFC00D9894D /* ApplicationData.swift in Sources */ = {isa = PBXBuildFile; fileRef = AB7FCC6E29D2EDFC00D9894D /* ApplicationData.swift */; };
		AB9C604729D12A800097CC8E /* FruitRowView.swift in Sources */ = {isa = PBXBuildFile; fileRef = AB9C604629D12A800097CC8E /* FruitRowView.swift */; };
		AB9C604929D176340097CC8E /* FruitDetailView.swift in Sources */ = {isa = PBXBuildFile; fileRef = AB9C604829D176340097CC8E /* FruitDetailView.swift */; };
		AB9C604B29D1824B0097CC8E /* FruitHeaderView.swift in Sources */ = {isa = PBXBuildFile; fileRef = AB9C604A29D1824B0097CC8E /* FruitHeaderView.swift */; };
		AB9C604D29D198C00097CC8E /* SourceLinkView.swift in Sources */ = {isa = PBXBuildFile; fileRef = AB9C604C29D198C00097CC8E /* SourceLinkView.swift */; };
		ABDCC9B629D02B96006C21BB /* ContentView.swift in Sources */ = {isa = PBXBuildFile; fileRef = ABDCC9B529D02B96006C21BB /* ContentView.swift */; };
		ABE72DBD29D40F4F001AF0F5 /* ApplicationModel.swift in Sources */ = {isa = PBXBuildFile; fileRef = ABE72DBC29D40F4F001AF0F5 /* ApplicationModel.swift */; };
/* End PBXBuildFile section */

/* Begin PBXFileReference section */
		AB10D00E29CD850C006AB395 /* OnboardingView.swift */ = {isa = PBXFileReference; lastKnownFileType = sourcecode.swift; path = OnboardingView.swift; sourceTree = "<group>"; };
		AB10D01129CD9674006AB395 /* FruitModel.swift */ = {isa = PBXFileReference; lastKnownFileType = sourcecode.swift; path = FruitModel.swift; sourceTree = "<group>"; };
		AB10D01429CD985B006AB395 /* FruitData.swift */ = {isa = PBXFileReference; lastKnownFileType = sourcecode.swift; path = FruitData.swift; sourceTree = "<group>"; };
		AB10D01629CDB4A0006AB395 /* Info.plist */ = {isa = PBXFileReference; lastKnownFileType = text.plist; path = Info.plist; sourceTree = "<group>"; };
		AB2642D529CC355C00D70D0F /* Fructus.app */ = {isa = PBXFileReference; explicitFileType = wrapper.application; includeInIndex = 0; path = Fructus.app; sourceTree = BUILT_PRODUCTS_DIR; };
		AB2642D829CC355C00D70D0F /* FructusApp.swift */ = {isa = PBXFileReference; lastKnownFileType = sourcecode.swift; path = FructusApp.swift; sourceTree = "<group>"; };
		AB2642DC29CC355D00D70D0F /* Assets.xcassets */ = {isa = PBXFileReference; lastKnownFileType = folder.assetcatalog; path = Assets.xcassets; sourceTree = "<group>"; };
		AB2642DF29CC355D00D70D0F /* Preview Assets.xcassets */ = {isa = PBXFileReference; lastKnownFileType = folder.assetcatalog; path = "Preview Assets.xcassets"; sourceTree = "<group>"; };
		AB2642E829CC507200D70D0F /* FruitCardView.swift */ = {isa = PBXFileReference; lastKnownFileType = sourcecode.swift; path = FruitCardView.swift; sourceTree = "<group>"; };
		AB2642EA29CC5AEC00D70D0F /* StartButtonView.swift */ = {isa = PBXFileReference; lastKnownFileType = sourcecode.swift; path = StartButtonView.swift; sourceTree = "<group>"; };
		AB7FCC6629D2B87700D9894D /* FruitNutrientsView.swift */ = {isa = PBXFileReference; lastKnownFileType = sourcecode.swift; path = FruitNutrientsView.swift; sourceTree = "<group>"; };
		AB7FCC6829D2C5FA00D9894D /* SettingsView.swift */ = {isa = PBXFileReference; lastKnownFileType = sourcecode.swift; path = SettingsView.swift; sourceTree = "<group>"; };
		AB7FCC6A29D2E1BB00D9894D /* SettingsLabelView.swift */ = {isa = PBXFileReference; lastKnownFileType = sourcecode.swift; path = SettingsLabelView.swift; sourceTree = "<group>"; };
		AB7FCC6C29D2E67C00D9894D /* SettingsApplicationRowView.swift */ = {isa = PBXFileReference; lastKnownFileType = sourcecode.swift; path = SettingsApplicationRowView.swift; sourceTree = "<group>"; };
		AB7FCC6E29D2EDFC00D9894D /* ApplicationData.swift */ = {isa = PBXFileReference; lastKnownFileType = sourcecode.swift; path = ApplicationData.swift; sourceTree = "<group>"; };
		AB9C604629D12A800097CC8E /* FruitRowView.swift */ = {isa = PBXFileReference; lastKnownFileType = sourcecode.swift; path = FruitRowView.swift; sourceTree = "<group>"; };
		AB9C604829D176340097CC8E /* FruitDetailView.swift */ = {isa = PBXFileReference; lastKnownFileType = sourcecode.swift; path = FruitDetailView.swift; sourceTree = "<group>"; };
		AB9C604A29D1824B0097CC8E /* FruitHeaderView.swift */ = {isa = PBXFileReference; lastKnownFileType = sourcecode.swift; path = FruitHeaderView.swift; sourceTree = "<group>"; };
		AB9C604C29D198C00097CC8E /* SourceLinkView.swift */ = {isa = PBXFileReference; lastKnownFileType = sourcecode.swift; path = SourceLinkView.swift; sourceTree = "<group>"; };
		ABDCC9B529D02B96006C21BB /* ContentView.swift */ = {isa = PBXFileReference; lastKnownFileType = sourcecode.swift; path = ContentView.swift; sourceTree = "<group>"; };
		ABE72DBC29D40F4F001AF0F5 /* ApplicationModel.swift */ = {isa = PBXFileReference; lastKnownFileType = sourcecode.swift; path = ApplicationModel.swift; sourceTree = "<group>"; };
/* End PBXFileReference section */

/* Begin PBXFrameworksBuildPhase section */
		AB2642D229CC355C00D70D0F /* Frameworks */ = {
			isa = PBXFrameworksBuildPhase;
			buildActionMask = 2147483647;
			files = (
			);
			runOnlyForDeploymentPostprocessing = 0;
		};
/* End PBXFrameworksBuildPhase section */

/* Begin PBXGroup section */
		AB10D01029CD9655006AB395 /* Model */ = {
			isa = PBXGroup;
			children = (
				AB10D01129CD9674006AB395 /* FruitModel.swift */,
				ABE72DBC29D40F4F001AF0F5 /* ApplicationModel.swift */,
			);
			path = Model;
			sourceTree = "<group>";
		};
		AB10D01329CD9846006AB395 /* Data */ = {
			isa = PBXGroup;
			children = (
				AB10D01429CD985B006AB395 /* FruitData.swift */,
				AB7FCC6E29D2EDFC00D9894D /* ApplicationData.swift */,
			);
			path = Data;
			sourceTree = "<group>";
		};
		AB2642CC29CC355C00D70D0F = {
			isa = PBXGroup;
			children = (
				AB2642D729CC355C00D70D0F /* Fructus */,
				AB2642D629CC355C00D70D0F /* Products */,
			);
			sourceTree = "<group>";
		};
		AB2642D629CC355C00D70D0F /* Products */ = {
			isa = PBXGroup;
			children = (
				AB2642D529CC355C00D70D0F /* Fructus.app */,
			);
			name = Products;
			sourceTree = "<group>";
		};
		AB2642D729CC355C00D70D0F /* Fructus */ = {
			isa = PBXGroup;
			children = (
				AB10D01629CDB4A0006AB395 /* Info.plist */,
				AB10D01329CD9846006AB395 /* Data */,
				AB10D01029CD9655006AB395 /* Model */,
				AB2642E729CC4B6500D70D0F /* View */,
				AB2642E629CC47D300D70D0F /* App */,
				AB2642DC29CC355D00D70D0F /* Assets.xcassets */,
				AB2642DE29CC355D00D70D0F /* Preview Content */,
			);
			path = Fructus;
			sourceTree = "<group>";
		};
		AB2642DE29CC355D00D70D0F /* Preview Content */ = {
			isa = PBXGroup;
			children = (
				AB2642DF29CC355D00D70D0F /* Preview Assets.xcassets */,
			);
			path = "Preview Content";
			sourceTree = "<group>";
		};
		AB2642E629CC47D300D70D0F /* App */ = {
			isa = PBXGroup;
			children = (
				AB2642D829CC355C00D70D0F /* FructusApp.swift */,
				AB10D00E29CD850C006AB395 /* OnboardingView.swift */,
				ABDCC9B529D02B96006C21BB /* ContentView.swift */,
				AB9C604829D176340097CC8E /* FruitDetailView.swift */,
				AB7FCC6829D2C5FA00D9894D /* SettingsView.swift */,
			);
			path = App;
			sourceTree = "<group>";
		};
		AB2642E729CC4B6500D70D0F /* View */ = {
			isa = PBXGroup;
			children = (
				AB2642E829CC507200D70D0F /* FruitCardView.swift */,
				AB2642EA29CC5AEC00D70D0F /* StartButtonView.swift */,
				AB9C604629D12A800097CC8E /* FruitRowView.swift */,
				AB9C604A29D1824B0097CC8E /* FruitHeaderView.swift */,
				AB9C604C29D198C00097CC8E /* SourceLinkView.swift */,
				AB7FCC6629D2B87700D9894D /* FruitNutrientsView.swift */,
				AB7FCC6A29D2E1BB00D9894D /* SettingsLabelView.swift */,
				AB7FCC6C29D2E67C00D9894D /* SettingsApplicationRowView.swift */,
			);
			path = View;
			sourceTree = "<group>";
		};
/* End PBXGroup section */

/* Begin PBXNativeTarget section */
		AB2642D429CC355C00D70D0F /* Fructus */ = {
			isa = PBXNativeTarget;
			buildConfigurationList = AB2642E329CC355D00D70D0F /* Build configuration list for PBXNativeTarget "Fructus" */;
			buildPhases = (
				AB2642D129CC355C00D70D0F /* Sources */,
				AB2642D229CC355C00D70D0F /* Frameworks */,
				AB2642D329CC355C00D70D0F /* Resources */,
			);
			buildRules = (
			);
			dependencies = (
			);
			name = Fructus;
			productName = Fructus;
			productReference = AB2642D529CC355C00D70D0F /* Fructus.app */;
			productType = "com.apple.product-type.application";
		};
/* End PBXNativeTarget section */

/* Begin PBXProject section */
		AB2642CD29CC355C00D70D0F /* Project object */ = {
			isa = PBXProject;
			attributes = {
				BuildIndependentTargetsInParallel = 1;
				LastSwiftUpdateCheck = 1420;
				LastUpgradeCheck = 1420;
				TargetAttributes = {
					AB2642D429CC355C00D70D0F = {
						CreatedOnToolsVersion = 14.2;
					};
				};
			};
			buildConfigurationList = AB2642D029CC355C00D70D0F /* Build configuration list for PBXProject "Fructus" */;
			compatibilityVersion = "Xcode 14.0";
			developmentRegion = en;
			hasScannedForEncodings = 0;
			knownRegions = (
				en,
				Base,
			);
			mainGroup = AB2642CC29CC355C00D70D0F;
			productRefGroup = AB2642D629CC355C00D70D0F /* Products */;
			projectDirPath = "";
			projectRoot = "";
			targets = (
				AB2642D429CC355C00D70D0F /* Fructus */,
			);
		};
/* End PBXProject section */

/* Begin PBXResourcesBuildPhase section */
		AB2642D329CC355C00D70D0F /* Resources */ = {
			isa = PBXResourcesBuildPhase;
			buildActionMask = 2147483647;
			files = (
				AB2642E029CC355D00D70D0F /* Preview Assets.xcassets in Resources */,
				AB2642DD29CC355D00D70D0F /* Assets.xcassets in Resources */,
			);
			runOnlyForDeploymentPostprocessing = 0;
		};
/* End PBXResourcesBuildPhase section */

/* Begin PBXSourcesBuildPhase section */
		AB2642D129CC355C00D70D0F /* Sources */ = {
			isa = PBXSourcesBuildPhase;
			buildActionMask = 2147483647;
			files = (
				AB2642E929CC507200D70D0F /* FruitCardView.swift in Sources */,
				AB9C604D29D198C00097CC8E /* SourceLinkView.swift in Sources */,
				AB2642EB29CC5AEC00D70D0F /* StartButtonView.swift in Sources */,
				AB9C604729D12A800097CC8E /* FruitRowView.swift in Sources */,
				AB7FCC6729D2B87700D9894D /* FruitNutrientsView.swift in Sources */,
				ABDCC9B629D02B96006C21BB /* ContentView.swift in Sources */,
				AB9C604929D176340097CC8E /* FruitDetailView.swift in Sources */,
				AB10D01529CD985B006AB395 /* FruitData.swift in Sources */,
				AB7FCC6D29D2E67C00D9894D /* SettingsApplicationRowView.swift in Sources */,
				ABE72DBD29D40F4F001AF0F5 /* ApplicationModel.swift in Sources */,
				AB9C604B29D1824B0097CC8E /* FruitHeaderView.swift in Sources */,
				AB10D01229CD9674006AB395 /* FruitModel.swift in Sources */,
				AB7FCC6B29D2E1BB00D9894D /* SettingsLabelView.swift in Sources */,
				AB10D00F29CD850C006AB395 /* OnboardingView.swift in Sources */,
				AB2642D929CC355C00D70D0F /* FructusApp.swift in Sources */,
				AB7FCC6F29D2EDFC00D9894D /* ApplicationData.swift in Sources */,
				AB7FCC6929D2C5FA00D9894D /* SettingsView.swift in Sources */,
			);
			runOnlyForDeploymentPostprocessing = 0;
		};
/* End PBXSourcesBuildPhase section */

/* Begin XCBuildConfiguration section */
		AB2642E129CC355D00D70D0F /* Debug */ = {
			isa = XCBuildConfiguration;
			buildSettings = {
				ALWAYS_SEARCH_USER_PATHS = NO;
				CLANG_ANALYZER_NONNULL = YES;
				CLANG_ANALYZER_NUMBER_OBJECT_CONVERSION = YES_AGGRESSIVE;
				CLANG_CXX_LANGUAGE_STANDARD = "gnu++20";
				CLANG_ENABLE_MODULES = YES;
				CLANG_ENABLE_OBJC_ARC = YES;
				CLANG_ENABLE_OBJC_WEAK = YES;
				CLANG_WARN_BLOCK_CAPTURE_AUTORELEASING = YES;
				CLANG_WARN_BOOL_CONVERSION = YES;
				CLANG_WARN_COMMA = YES;
				CLANG_WARN_CONSTANT_CONVERSION = YES;
				CLANG_WARN_DEPRECATED_OBJC_IMPLEMENTATIONS = YES;
				CLANG_WARN_DIRECT_OBJC_ISA_USAGE = YES_ERROR;
				CLANG_WARN_DOCUMENTATION_COMMENTS = YES;
				CLANG_WARN_EMPTY_BODY = YES;
				CLANG_WARN_ENUM_CONVERSION = YES;
				CLANG_WARN_INFINITE_RECURSION = YES;
				CLANG_WARN_INT_CONVERSION = YES;
				CLANG_WARN_NON_LITERAL_NULL_CONVERSION = YES;
				CLANG_WARN_OBJC_IMPLICIT_RETAIN_SELF = YES;
				CLANG_WARN_OBJC_LITERAL_CONVERSION = YES;
				CLANG_WARN_OBJC_ROOT_CLASS = YES_ERROR;
				CLANG_WARN_QUOTED_INCLUDE_IN_FRAMEWORK_HEADER = YES;
				CLANG_WARN_RANGE_LOOP_ANALYSIS = YES;
				CLANG_WARN_STRICT_PROTOTYPES = YES;
				CLANG_WARN_SUSPICIOUS_MOVE = YES;
				CLANG_WARN_UNGUARDED_AVAILABILITY = YES_AGGRESSIVE;
				CLANG_WARN_UNREACHABLE_CODE = YES;
				CLANG_WARN__DUPLICATE_METHOD_MATCH = YES;
				COPY_PHASE_STRIP = NO;
				DEBUG_INFORMATION_FORMAT = dwarf;
				ENABLE_STRICT_OBJC_MSGSEND = YES;
				ENABLE_TESTABILITY = YES;
				GCC_C_LANGUAGE_STANDARD = gnu11;
				GCC_DYNAMIC_NO_PIC = NO;
				GCC_NO_COMMON_BLOCKS = YES;
				GCC_OPTIMIZATION_LEVEL = 0;
				GCC_PREPROCESSOR_DEFINITIONS = (
					"DEBUG=1",
					"$(inherited)",
				);
				GCC_WARN_64_TO_32_BIT_CONVERSION = YES;
				GCC_WARN_ABOUT_RETURN_TYPE = YES_ERROR;
				GCC_WARN_UNDECLARED_SELECTOR = YES;
				GCC_WARN_UNINITIALIZED_AUTOS = YES_AGGRESSIVE;
				GCC_WARN_UNUSED_FUNCTION = YES;
				GCC_WARN_UNUSED_VARIABLE = YES;
				IPHONEOS_DEPLOYMENT_TARGET = 16.2;
				MTL_ENABLE_DEBUG_INFO = INCLUDE_SOURCE;
				MTL_FAST_MATH = YES;
				ONLY_ACTIVE_ARCH = YES;
				SDKROOT = iphoneos;
				SWIFT_ACTIVE_COMPILATION_CONDITIONS = DEBUG;
				SWIFT_OPTIMIZATION_LEVEL = "-Onone";
			};
			name = Debug;
		};
		AB2642E229CC355D00D70D0F /* Release */ = {
			isa = XCBuildConfiguration;
			buildSettings = {
				ALWAYS_SEARCH_USER_PATHS = NO;
				CLANG_ANALYZER_NONNULL = YES;
				CLANG_ANALYZER_NUMBER_OBJECT_CONVERSION = YES_AGGRESSIVE;
				CLANG_CXX_LANGUAGE_STANDARD = "gnu++20";
				CLANG_ENABLE_MODULES = YES;
				CLANG_ENABLE_OBJC_ARC = YES;
				CLANG_ENABLE_OBJC_WEAK = YES;
				CLANG_WARN_BLOCK_CAPTURE_AUTORELEASING = YES;
				CLANG_WARN_BOOL_CONVERSION = YES;
				CLANG_WARN_COMMA = YES;
				CLANG_WARN_CONSTANT_CONVERSION = YES;
				CLANG_WARN_DEPRECATED_OBJC_IMPLEMENTATIONS = YES;
				CLANG_WARN_DIRECT_OBJC_ISA_USAGE = YES_ERROR;
				CLANG_WARN_DOCUMENTATION_COMMENTS = YES;
				CLANG_WARN_EMPTY_BODY = YES;
				CLANG_WARN_ENUM_CONVERSION = YES;
				CLANG_WARN_INFINITE_RECURSION = YES;
				CLANG_WARN_INT_CONVERSION = YES;
				CLANG_WARN_NON_LITERAL_NULL_CONVERSION = YES;
				CLANG_WARN_OBJC_IMPLICIT_RETAIN_SELF = YES;
				CLANG_WARN_OBJC_LITERAL_CONVERSION = YES;
				CLANG_WARN_OBJC_ROOT_CLASS = YES_ERROR;
				CLANG_WARN_QUOTED_INCLUDE_IN_FRAMEWORK_HEADER = YES;
				CLANG_WARN_RANGE_LOOP_ANALYSIS = YES;
				CLANG_WARN_STRICT_PROTOTYPES = YES;
				CLANG_WARN_SUSPICIOUS_MOVE = YES;
				CLANG_WARN_UNGUARDED_AVAILABILITY = YES_AGGRESSIVE;
				CLANG_WARN_UNREACHABLE_CODE = YES;
				CLANG_WARN__DUPLICATE_METHOD_MATCH = YES;
				COPY_PHASE_STRIP = NO;
				DEBUG_INFORMATION_FORMAT = "dwarf-with-dsym";
				ENABLE_NS_ASSERTIONS = NO;
				ENABLE_STRICT_OBJC_MSGSEND = YES;
				GCC_C_LANGUAGE_STANDARD = gnu11;
				GCC_NO_COMMON_BLOCKS = YES;
				GCC_WARN_64_TO_32_BIT_CONVERSION = YES;
				GCC_WARN_ABOUT_RETURN_TYPE = YES_ERROR;
				GCC_WARN_UNDECLARED_SELECTOR = YES;
				GCC_WARN_UNINITIALIZED_AUTOS = YES_AGGRESSIVE;
				GCC_WARN_UNUSED_FUNCTION = YES;
				GCC_WARN_UNUSED_VARIABLE = YES;
				IPHONEOS_DEPLOYMENT_TARGET = 16.2;
				MTL_ENABLE_DEBUG_INFO = NO;
				MTL_FAST_MATH = YES;
				SDKROOT = iphoneos;
				SWIFT_COMPILATION_MODE = wholemodule;
				SWIFT_OPTIMIZATION_LEVEL = "-O";
				VALIDATE_PRODUCT = YES;
			};
			name = Release;
		};
		AB2642E429CC355D00D70D0F /* Debug */ = {
			isa = XCBuildConfiguration;
			buildSettings = {
				ASSETCATALOG_COMPILER_APPICON_NAME = AppIcon;
				ASSETCATALOG_COMPILER_GLOBAL_ACCENT_COLOR_NAME = AccentColor;
				CODE_SIGN_STYLE = Automatic;
				CURRENT_PROJECT_VERSION = 1;
				DEVELOPMENT_ASSET_PATHS = "\"Fructus/Preview Content\"";
				DEVELOPMENT_TEAM = T2SL9AH7N9;
				ENABLE_PREVIEWS = YES;
				GENERATE_INFOPLIST_FILE = YES;
				INFOPLIST_FILE = Fructus/Info.plist;
				INFOPLIST_KEY_UIApplicationSupportsIndirectInputEvents = YES;
				INFOPLIST_KEY_UILaunchScreen_Generation = YES;
				INFOPLIST_KEY_UISupportedInterfaceOrientations = UIInterfaceOrientationPortrait;
				INFOPLIST_KEY_UISupportedInterfaceOrientations_iPad = "UIInterfaceOrientationLandscapeLeft UIInterfaceOrientationLandscapeRight UIInterfaceOrientationPortrait UIInterfaceOrientationPortraitUpsideDown";
				LD_RUNPATH_SEARCH_PATHS = (
					"$(inherited)",
					"@executable_path/Frameworks",
				);
				MARKETING_VERSION = 1.0;
				PRODUCT_BUNDLE_IDENTIFIER = com.masonpham.Fructus;
				PRODUCT_NAME = "$(TARGET_NAME)";
				SWIFT_EMIT_LOC_STRINGS = YES;
				SWIFT_VERSION = 5.0;
				TARGETED_DEVICE_FAMILY = "1,2";
			};
			name = Debug;
		};
		AB2642E529CC355D00D70D0F /* Release */ = {
			isa = XCBuildConfiguration;
			buildSettings = {
				ASSETCATALOG_COMPILER_APPICON_NAME = AppIcon;
				ASSETCATALOG_COMPILER_GLOBAL_ACCENT_COLOR_NAME = AccentColor;
				CODE_SIGN_STYLE = Automatic;
				CURRENT_PROJECT_VERSION = 1;
				DEVELOPMENT_ASSET_PATHS = "\"Fructus/Preview Content\"";
				DEVELOPMENT_TEAM = T2SL9AH7N9;
				ENABLE_PREVIEWS = YES;
				GENERATE_INFOPLIST_FILE = YES;
				INFOPLIST_FILE = Fructus/Info.plist;
				INFOPLIST_KEY_UIApplicationSupportsIndirectInputEvents = YES;
				INFOPLIST_KEY_UILaunchScreen_Generation = YES;
				INFOPLIST_KEY_UISupportedInterfaceOrientations = UIInterfaceOrientationPortrait;
				INFOPLIST_KEY_UISupportedInterfaceOrientations_iPad = "UIInterfaceOrientationLandscapeLeft UIInterfaceOrientationLandscapeRight UIInterfaceOrientationPortrait UIInterfaceOrientationPortraitUpsideDown";
				LD_RUNPATH_SEARCH_PATHS = (
					"$(inherited)",
					"@executable_path/Frameworks",
				);
				MARKETING_VERSION = 1.0;
				PRODUCT_BUNDLE_IDENTIFIER = com.masonpham.Fructus;
				PRODUCT_NAME = "$(TARGET_NAME)";
				SWIFT_EMIT_LOC_STRINGS = YES;
				SWIFT_VERSION = 5.0;
				TARGETED_DEVICE_FAMILY = "1,2";
			};
			name = Release;
		};
/* End XCBuildConfiguration section */

/* Begin XCConfigurationList section */
		AB2642D029CC355C00D70D0F /* Build configuration list for PBXProject "Fructus" */ = {
			isa = XCConfigurationList;
			buildConfigurations = (
				AB2642E129CC355D00D70D0F /* Debug */,
				AB2642E229CC355D00D70D0F /* Release */,
			);
			defaultConfigurationIsVisible = 0;
			defaultConfigurationName = Release;
		};
		AB2642E329CC355D00D70D0F /* Build configuration list for PBXNativeTarget "Fructus" */ = {
			isa = XCConfigurationList;
			buildConfigurations = (
				AB2642E429CC355D00D70D0F /* Debug */,
				AB2642E529CC355D00D70D0F /* Release */,
			);
			defaultConfigurationIsVisible = 0;
			defaultConfigurationName = Release;
		};
/* End XCConfigurationList section */
	};
	rootObject = AB2642CD29CC355C00D70D0F /* Project object */;
}
